
Microsoft Visual Studio Solution File, Format Version 12.00
Project("{FAE04EC0-301F-11D3-BF4B-00C04F79EFBC}") = "UserService", "UserService\UserService.csproj", "{3AC02E81-4272-4781-A1F5-5884ED1C89F4}"
EndProject
Project("{FAE04EC0-301F-11D3-BF4B-00C04F79EFBC}") = "UserService.Application", "UserService.Application\UserService.Application.csproj", "{C5457B35-48CD-4376-A141-3D3FD9B63F85}"
EndProject
Project("{FAE04EC0-301F-11D3-BF4B-00C04F79EFBC}") = "UserService.Domain", "UserService.Domain\UserService.Domain.csproj", "{4935FDA8-73FA-422E-857E-0365C5C3D115}"
EndProject
Project("{FAE04EC0-301F-11D3-BF4B-00C04F79EFBC}") = "UserService.Infrastructure", "UserService.Infrastructure\UserService.Infrastructure.csproj", "{C73EBE0A-D46F-48F1-B1C4-C34CF7AD0227}"
EndProject
Global
	GlobalSection(SolutionConfigurationPlatforms) = preSolution
		Debug|Any CPU = Debug|Any CPU
		Release|Any CPU = Release|Any CPU
	EndGlobalSection
	GlobalSection(ProjectConfigurationPlatforms) = postSolution
		{3AC02E81-4272-4781-A1F5-5884ED1C89F4}.Debug|Any CPU.ActiveCfg = Debug|Any CPU
		{3AC02E81-4272-4781-A1F5-5884ED1C89F4}.Debug|Any CPU.Build.0 = Debug|Any CPU
		{3AC02E81-4272-4781-A1F5-5884ED1C89F4}.Release|Any CPU.ActiveCfg = Release|Any CPU
		{3AC02E81-4272-4781-A1F5-5884ED1C89F4}.Release|Any CPU.Build.0 = Release|Any CPU
		{C5457B35-48CD-4376-A141-3D3FD9B63F85}.Debug|Any CPU.ActiveCfg = Debug|Any CPU
		{C5457B35-48CD-4376-A141-3D3FD9B63F85}.Debug|Any CPU.Build.0 = Debug|Any CPU
		{C5457B35-48CD-4376-A141-3D3FD9B63F85}.Release|Any CPU.ActiveCfg = Release|Any CPU
		{C5457B35-48CD-4376-A141-3D3FD9B63F85}.Release|Any CPU.Build.0 = Release|Any CPU
		{4935FDA8-73FA-422E-857E-0365C5C3D115}.Debug|Any CPU.ActiveCfg = Debug|Any CPU
		{4935FDA8-73FA-422E-857E-0365C5C3D115}.Debug|Any CPU.Build.0 = Debug|Any CPU
		{4935FDA8-73FA-422E-857E-0365C5C3D115}.Release|Any CPU.ActiveCfg = Release|Any CPU
		{4935FDA8-73FA-422E-857E-0365C5C3D115}.Release|Any CPU.Build.0 = Release|Any CPU
		{C73EBE0A-D46F-48F1-B1C4-C34CF7AD0227}.Debug|Any CPU.ActiveCfg = Debug|Any CPU
		{C73EBE0A-D46F-48F1-B1C4-C34CF7AD0227}.Debug|Any CPU.Build.0 = Debug|Any CPU
		{C73EBE0A-D46F-48F1-B1C4-C34CF7AD0227}.Release|Any CPU.ActiveCfg = Release|Any CPU
		{C73EBE0A-D46F-48F1-B1C4-C34CF7AD0227}.Release|Any CPU.Build.0 = Release|Any CPU
	EndGlobalSection
	GlobalSection(NestedProjects) = preSolution
	EndGlobalSection
EndGlobal
